
Microsoft Visual Studio Solution File, Format Version 12.00
# Visual Studio Version 17
VisualStudioVersion = 17.14.37411.7 d17.14
MinimumVisualStudioVersion = 10.0.40219.1
Project("{888888A0-9F3D-457C-B088-3A5042F75D52}") = "kiosk", "kiosk\kiosk.pyproj", "{509021B3-F7B4-44FD-A6EC-8B7A23421182}"
EndProject
Global
	GlobalSection(SolutionConfigurationPlatforms) = preSolution
		Debug|Any CPU = Debug|Any CPU
		Release|Any CPU = Release|Any CPU
	EndGlobalSection
	GlobalSection(ProjectConfigurationPlatforms) = postSolution
		{509021B3-F7B4-44FD-A6EC-8B7A23421182}.Debug|Any CPU.ActiveCfg = Debug|Any CPU
		{509021B3-F7B4-44FD-A6EC-8B7A23421182}.Release|Any CPU.ActiveCfg = Release|Any CPU
	EndGlobalSection
	GlobalSection(SolutionProperties) = preSolution
		HideSolutionNode = FALSE
	EndGlobalSection
	GlobalSection(ExtensibilityGlobals) = postSolution
		SolutionGuid = {BE3960BA-08AC-49FF-A78D-8596F2123C63}
	EndGlobalSection
EndGlobal
